
Microsoft Visual Studio Solution File, Format Version 12.00
# Visual Studio 15
VisualStudioVersion = 15.0.28307.572
MinimumVisualStudioVersion = 10.0.40219.1
Project("{FAE04EC0-301F-11D3-BF4B-00C04F79EFBC}") = "OneStopSolution", "OneStopSolution\OneStopSolution.csproj", "{8B37B881-2269-40FF-B5BD-B1A896C5DA23}"
EndProject
Project("{FAE04EC0-301F-11D3-BF4B-00C04F79EFBC}") = "SATDummy", "SATDummy\SATDummy.csproj", "{2C9F1723-CBB2-45DF-AC11-AFA1759EE1C6}"
EndProject
Project("{FAE04EC0-301F-11D3-BF4B-00C04F79EFBC}") = "AdmissionDummy", "AdmissionDummy\AdmissionDummy.csproj", "{12BB7A61-AC21-49A9-A7D2-790798F2D612}"
EndProject
Global
	GlobalSection(SolutionConfigurationPlatforms) = preSolution
		Debug|Any CPU = Debug|Any CPU
		Release|Any CPU = Release|Any CPU
	EndGlobalSection
	GlobalSection(ProjectConfigurationPlatforms) = postSolution
		{8B37B881-2269-40FF-B5BD-B1A896C5DA23}.Debug|Any CPU.ActiveCfg = Debug|Any CPU
		{8B37B881-2269-40FF-B5BD-B1A896C5DA23}.Debug|Any CPU.Build.0 = Debug|Any CPU
		{8B37B881-2269-40FF-B5BD-B1A896C5DA23}.Release|Any CPU.ActiveCfg = Release|Any CPU
		{8B37B881-2269-40FF-B5BD-B1A896C5DA23}.Release|Any CPU.Build.0 = Release|Any CPU
		{2C9F1723-CBB2-45DF-AC11-AFA1759EE1C6}.Debug|Any CPU.ActiveCfg = Debug|Any CPU
		{2C9F1723-CBB2-45DF-AC11-AFA1759EE1C6}.Debug|Any CPU.Build.0 = Debug|Any CPU
		{2C9F1723-CBB2-45DF-AC11-AFA1759EE1C6}.Release|Any CPU.ActiveCfg = Release|Any CPU
		{2C9F1723-CBB2-45DF-AC11-AFA1759EE1C6}.Release|Any CPU.Build.0 = Release|Any CPU
		{12BB7A61-AC21-49A9-A7D2-790798F2D612}.Debug|Any CPU.ActiveCfg = Debug|Any CPU
		{12BB7A61-AC21-49A9-A7D2-790798F2D612}.Debug|Any CPU.Build.0 = Debug|Any CPU
		{12BB7A61-AC21-49A9-A7D2-790798F2D612}.Release|Any CPU.ActiveCfg = Release|Any CPU
		{12BB7A61-AC21-49A9-A7D2-790798F2D612}.Release|Any CPU.Build.0 = Release|Any CPU
	EndGlobalSection
	GlobalSection(SolutionProperties) = preSolution
		HideSolutionNode = FALSE
	EndGlobalSection
	GlobalSection(ExtensibilityGlobals) = postSolution
		SolutionGuid = {AA482ABD-EEF4-47B5-A44B-27606806F3CF}
	EndGlobalSection
EndGlobal
